
Microsoft Visual Studio Solution File, Format Version 12.00
# Visual Studio Version 17
VisualStudioVersion = 17.0.31919.166
MinimumVisualStudioVersion = 10.0.40219.1
Project("{778DAE3C-4631-46EA-AA77-85C1314464D9}") = "ABB_RAPID_Prog_Helper", "ABB_RAPID_Prog_Helper\ABB_RAPID_Prog_Helper.vbproj", "{062F3A67-EC5D-4790-9C7C-134F462EF28D}"
EndProject
Project("{2150E333-8FDC-42A3-9474-1A3956D46DE8}") = "Solution Items", "Solution Items", "{E468953A-2A0F-4015-812B-194E1A6A6DCC}"
	ProjectSection(SolutionItems) = preProject
		.gitattributes = .gitattributes
		.gitignore = .gitignore
		README.md = README.md
	EndProjectSection
EndProject
Global
	GlobalSection(SolutionConfigurationPlatforms) = preSolution
		Debug|Any CPU = Debug|Any CPU
		Release|Any CPU = Release|Any CPU
	EndGlobalSection
	GlobalSection(ProjectConfigurationPlatforms) = postSolution
		{062F3A67-EC5D-4790-9C7C-134F462EF28D}.Debug|Any CPU.ActiveCfg = Debug|Any CPU
		{062F3A67-EC5D-4790-9C7C-134F462EF28D}.Debug|Any CPU.Build.0 = Debug|Any CPU
		{062F3A67-EC5D-4790-9C7C-134F462EF28D}.Release|Any CPU.ActiveCfg = Release|Any CPU
		{062F3A67-EC5D-4790-9C7C-134F462EF28D}.Release|Any CPU.Build.0 = Release|Any CPU
	EndGlobalSection
	GlobalSection(SolutionProperties) = preSolution
		HideSolutionNode = FALSE
	EndGlobalSection
	GlobalSection(ExtensibilityGlobals) = postSolution
		SolutionGuid = {6E26E564-7354-4401-9902-2FBEE0518857}
	EndGlobalSection
EndGlobal
